
Microsoft Visual Studio Solution File, Format Version 12.00
# Visual Studio 15
VisualStudioVersion = 15.0.27428.2015
MinimumVisualStudioVersion = 10.0.40219.1
Project("{FAE04EC0-301F-11D3-BF4B-00C04F79EFBC}") = "EF spike", "EF spike\EF spike.csproj", "{24DEA6FE-3564-4ED2-AE3B-643D6A892EEA}"
EndProject
Project("{2150E333-8FDC-42A3-9474-1A3956D46DE8}") = "Tests", "Tests", "{BB3351CF-D9E2-4D97-9B8C-D455471A8994}"
EndProject
Project("{FAE04EC0-301F-11D3-BF4B-00C04F79EFBC}") = "FeatureTests", "Tests\FeatureTests\FeatureTests.csproj", "{3BF62101-419B-493C-8473-D342C38E3A4D}"
EndProject
Global
	GlobalSection(SolutionConfigurationPlatforms) = preSolution
		Debug|Any CPU = Debug|Any CPU
		Release|Any CPU = Release|Any CPU
	EndGlobalSection
	GlobalSection(ProjectConfigurationPlatforms) = postSolution
		{24DEA6FE-3564-4ED2-AE3B-643D6A892EEA}.Debug|Any CPU.ActiveCfg = Debug|Any CPU
		{24DEA6FE-3564-4ED2-AE3B-643D6A892EEA}.Debug|Any CPU.Build.0 = Debug|Any CPU
		{24DEA6FE-3564-4ED2-AE3B-643D6A892EEA}.Release|Any CPU.ActiveCfg = Release|Any CPU
		{24DEA6FE-3564-4ED2-AE3B-643D6A892EEA}.Release|Any CPU.Build.0 = Release|Any CPU
		{3BF62101-419B-493C-8473-D342C38E3A4D}.Debug|Any CPU.ActiveCfg = Debug|Any CPU
		{3BF62101-419B-493C-8473-D342C38E3A4D}.Debug|Any CPU.Build.0 = Debug|Any CPU
		{3BF62101-419B-493C-8473-D342C38E3A4D}.Release|Any CPU.ActiveCfg = Release|Any CPU
		{3BF62101-419B-493C-8473-D342C38E3A4D}.Release|Any CPU.Build.0 = Release|Any CPU
	EndGlobalSection
	GlobalSection(SolutionProperties) = preSolution
		HideSolutionNode = FALSE
	EndGlobalSection
	GlobalSection(NestedProjects) = preSolution
		{3BF62101-419B-493C-8473-D342C38E3A4D} = {BB3351CF-D9E2-4D97-9B8C-D455471A8994}
	EndGlobalSection
	GlobalSection(ExtensibilityGlobals) = postSolution
		SolutionGuid = {CE3133FC-F8CF-4B80-941B-092F45309481}
	EndGlobalSection
EndGlobal
